
Microsoft Visual Studio Solution File, Format Version 12.00
# Visual Studio Version 16
VisualStudioVersion = 16.0.29306.81
MinimumVisualStudioVersion = 10.0.40219.1
Project("{FAE04EC0-301F-11D3-BF4B-00C04F79EFBC}") = "MVC_HelloWorld", "MVC_HelloWorld\MVC_HelloWorld.csproj", "{C57A6DCB-1780-419F-A46E-85D8F26AC54C}"
EndProject
Global
	GlobalSection(SolutionConfigurationPlatforms) = preSolution
		Debug|Any CPU = Debug|Any CPU
		Release|Any CPU = Release|Any CPU
	EndGlobalSection
	GlobalSection(ProjectConfigurationPlatforms) = postSolution
		{C57A6DCB-1780-419F-A46E-85D8F26AC54C}.Debug|Any CPU.ActiveCfg = Debug|Any CPU
		{C57A6DCB-1780-419F-A46E-85D8F26AC54C}.Debug|Any CPU.Build.0 = Debug|Any CPU
		{C57A6DCB-1780-419F-A46E-85D8F26AC54C}.Release|Any CPU.ActiveCfg = Release|Any CPU
		{C57A6DCB-1780-419F-A46E-85D8F26AC54C}.Release|Any CPU.Build.0 = Release|Any CPU
	EndGlobalSection
	GlobalSection(SolutionProperties) = preSolution
		HideSolutionNode = FALSE
	EndGlobalSection
	GlobalSection(ExtensibilityGlobals) = postSolution
		SolutionGuid = {63A45AB2-DCA0-4EE3-82A4-6B6A12C40192}
	EndGlobalSection
EndGlobal
